
Microsoft Visual Studio Solution File, Format Version 12.00
# Visual Studio 15
VisualStudioVersion = 15.0.27130.2036
MinimumVisualStudioVersion = 10.0.40219.1
Project("{FAE04EC0-301F-11D3-BF4B-00C04F79EFBC}") = "MintWeb", "MintWeb\MintWeb.csproj", "{A9ED8837-0DBA-45B0-A8D7-EC4BD1BBC920}"
EndProject
Project("{FAE04EC0-301F-11D3-BF4B-00C04F79EFBC}") = "MintWeb.Tests", "MintWeb.Tests\MintWeb.Tests.csproj", "{9C4D8A57-63E0-454F-8AD9-39A8918DB893}"
EndProject
Project("{00D1A9C2-B5F0-4AF3-8072-F6C62B433612}") = "MintData", "MintData\MintData.sqlproj", "{B1D12941-E1C4-48C2-A4F0-8E163A94627E}"
EndProject
Global
	GlobalSection(SolutionConfigurationPlatforms) = preSolution
		Debug|Any CPU = Debug|Any CPU
		Release|Any CPU = Release|Any CPU
	EndGlobalSection
	GlobalSection(ProjectConfigurationPlatforms) = postSolution
		{A9ED8837-0DBA-45B0-A8D7-EC4BD1BBC920}.Debug|Any CPU.ActiveCfg = Debug|Any CPU
		{A9ED8837-0DBA-45B0-A8D7-EC4BD1BBC920}.Debug|Any CPU.Build.0 = Debug|Any CPU
		{A9ED8837-0DBA-45B0-A8D7-EC4BD1BBC920}.Release|Any CPU.ActiveCfg = Release|Any CPU
		{A9ED8837-0DBA-45B0-A8D7-EC4BD1BBC920}.Release|Any CPU.Build.0 = Release|Any CPU
		{9C4D8A57-63E0-454F-8AD9-39A8918DB893}.Debug|Any CPU.ActiveCfg = Debug|Any CPU
		{9C4D8A57-63E0-454F-8AD9-39A8918DB893}.Debug|Any CPU.Build.0 = Debug|Any CPU
		{9C4D8A57-63E0-454F-8AD9-39A8918DB893}.Release|Any CPU.ActiveCfg = Release|Any CPU
		{9C4D8A57-63E0-454F-8AD9-39A8918DB893}.Release|Any CPU.Build.0 = Release|Any CPU
		{B1D12941-E1C4-48C2-A4F0-8E163A94627E}.Debug|Any CPU.ActiveCfg = Debug|Any CPU
		{B1D12941-E1C4-48C2-A4F0-8E163A94627E}.Debug|Any CPU.Build.0 = Debug|Any CPU
		{B1D12941-E1C4-48C2-A4F0-8E163A94627E}.Debug|Any CPU.Deploy.0 = Debug|Any CPU
		{B1D12941-E1C4-48C2-A4F0-8E163A94627E}.Release|Any CPU.ActiveCfg = Release|Any CPU
		{B1D12941-E1C4-48C2-A4F0-8E163A94627E}.Release|Any CPU.Build.0 = Release|Any CPU
		{B1D12941-E1C4-48C2-A4F0-8E163A94627E}.Release|Any CPU.Deploy.0 = Release|Any CPU
	EndGlobalSection
	GlobalSection(SolutionProperties) = preSolution
		HideSolutionNode = FALSE
	EndGlobalSection
	GlobalSection(ExtensibilityGlobals) = postSolution
		SolutionGuid = {9E574C59-443B-4D25-AF21-1773E6B7FAA1}
	EndGlobalSection
EndGlobal
